
Microsoft Visual Studio Solution File, Format Version 12.00
# Visual Studio 15
VisualStudioVersion = 15.0.28307.421
MinimumVisualStudioVersion = 10.0.40219.1
Project("{FAE04EC0-301F-11D3-BF4B-00C04F79EFBC}") = "CsharpBase64Encode", "CsharpBase64Encode\CsharpBase64Encode.csproj", "{650CD344-38B8-4FBF-8006-4455AD01BADB}"
EndProject
Global
	GlobalSection(SolutionConfigurationPlatforms) = preSolution
		Debug|Any CPU = Debug|Any CPU
		Release|Any CPU = Release|Any CPU
	EndGlobalSection
	GlobalSection(ProjectConfigurationPlatforms) = postSolution
		{650CD344-38B8-4FBF-8006-4455AD01BADB}.Debug|Any CPU.ActiveCfg = Debug|Any CPU
		{650CD344-38B8-4FBF-8006-4455AD01BADB}.Debug|Any CPU.Build.0 = Debug|Any CPU
		{650CD344-38B8-4FBF-8006-4455AD01BADB}.Release|Any CPU.ActiveCfg = Release|Any CPU
		{650CD344-38B8-4FBF-8006-4455AD01BADB}.Release|Any CPU.Build.0 = Release|Any CPU
	EndGlobalSection
	GlobalSection(SolutionProperties) = preSolution
		HideSolutionNode = FALSE
	EndGlobalSection
	GlobalSection(ExtensibilityGlobals) = postSolution
		SolutionGuid = {F925F5A8-A02F-4CF3-A25B-38792E6F1263}
	EndGlobalSection
EndGlobal
